
Microsoft Visual Studio Solution File, Format Version 12.00
# Visual Studio Version 17
VisualStudioVersion = 17.0.31903.59
MinimumVisualStudioVersion = 10.0.40219.1
Project("{FAE04EC0-301F-11D3-BF4B-00C04F79EFBC}") = "MagicOnionChat.Backend", "src\MagicOnionChat.Backend\MagicOnionChat.Backend.csproj", "{2987CBF5-2FD7-4DBE-90D4-BFFFB77A27EA}"
EndProject
Project("{FAE04EC0-301F-11D3-BF4B-00C04F79EFBC}") = "MagicOnionChat.Client", "src\MagicOnionChat.Client\MagicOnionChat.Client.csproj", "{07DF9FC8-0C99-4807-9163-EDF3CE70977D}"
EndProject
Global
	GlobalSection(SolutionConfigurationPlatforms) = preSolution
		Debug|Any CPU = Debug|Any CPU
		Release|Any CPU = Release|Any CPU
	EndGlobalSection
	GlobalSection(SolutionProperties) = preSolution
		HideSolutionNode = FALSE
	EndGlobalSection
	GlobalSection(ProjectConfigurationPlatforms) = postSolution
		{2987CBF5-2FD7-4DBE-90D4-BFFFB77A27EA}.Debug|Any CPU.ActiveCfg = Debug|Any CPU
		{2987CBF5-2FD7-4DBE-90D4-BFFFB77A27EA}.Debug|Any CPU.Build.0 = Debug|Any CPU
		{2987CBF5-2FD7-4DBE-90D4-BFFFB77A27EA}.Release|Any CPU.ActiveCfg = Release|Any CPU
		{2987CBF5-2FD7-4DBE-90D4-BFFFB77A27EA}.Release|Any CPU.Build.0 = Release|Any CPU
		{07DF9FC8-0C99-4807-9163-EDF3CE70977D}.Debug|Any CPU.ActiveCfg = Debug|Any CPU
		{07DF9FC8-0C99-4807-9163-EDF3CE70977D}.Debug|Any CPU.Build.0 = Debug|Any CPU
		{07DF9FC8-0C99-4807-9163-EDF3CE70977D}.Release|Any CPU.ActiveCfg = Release|Any CPU
		{07DF9FC8-0C99-4807-9163-EDF3CE70977D}.Release|Any CPU.Build.0 = Release|Any CPU
	EndGlobalSection
EndGlobal
